
Microsoft Visual Studio Solution File, Format Version 12.00
# Visual Studio Version 17
VisualStudioVersion = 17.0.31903.59
MinimumVisualStudioVersion = 10.0.40219.1
Project("{2150E333-8FDC-42A3-9474-1A3956D46DE8}") = "src", "src", "{D745B67F-C1C3-4F62-8003-76F62CE9ED0B}"
EndProject
Project("{FAE04EC0-301F-11D3-BF4B-00C04F79EFBC}") = "AiMedia.Domain", "src\AiMedia.Domain\AiMedia.Domain.csproj", "{C45B7C80-3EFB-4F75-B73E-0D6BA31CE8ED}"
EndProject
Project("{FAE04EC0-301F-11D3-BF4B-00C04F79EFBC}") = "AiMedia.Application", "src\AiMedia.Application\AiMedia.Application.csproj", "{BBD0DCA8-7764-4CE2-B889-37B652D9CF1A}"
EndProject
Project("{FAE04EC0-301F-11D3-BF4B-00C04F79EFBC}") = "AiMedia.Infrastructure", "src\AiMedia.Infrastructure\AiMedia.Infrastructure.csproj", "{1FCA561A-ED6E-40A4-9B5B-EA6F467A4BAC}"
EndProject
Project("{FAE04EC0-301F-11D3-BF4B-00C04F79EFBC}") = "AiMedia.API", "src\AiMedia.API\AiMedia.API.csproj", "{313F2095-33ED-4EC4-906B-550BF6D13DF4}"
EndProject
Project("{FAE04EC0-301F-11D3-BF4B-00C04F79EFBC}") = "AiMedia.Worker", "src\AiMedia.Worker\AiMedia.Worker.csproj", "{3D299CFC-A7B5-4F85-9202-AD7858C6A1D9}"
EndProject
Project("{2150E333-8FDC-42A3-9474-1A3956D46DE8}") = "tests", "tests", "{ABB230E8-3E5E-49AC-81F4-2B7A60BCA6D4}"
EndProject
Project("{FAE04EC0-301F-11D3-BF4B-00C04F79EFBC}") = "AiMedia.Tests", "tests\AiMedia.Tests\AiMedia.Tests.csproj", "{A592856E-9E7B-41F1-8676-ED21972FE9E9}"
EndProject
Project("{FAE04EC0-301F-11D3-BF4B-00C04F79EFBC}") = "AiMedia.FalAi", "src\AiMedia.FalAi\AiMedia.FalAi.csproj", "{C1A0C152-F3F2-4E9C-92A2-490E743E6559}"
EndProject
Global
	GlobalSection(SolutionConfigurationPlatforms) = preSolution
		Debug|Any CPU = Debug|Any CPU
		Release|Any CPU = Release|Any CPU
	EndGlobalSection
	GlobalSection(SolutionProperties) = preSolution
		HideSolutionNode = FALSE
	EndGlobalSection
	GlobalSection(ProjectConfigurationPlatforms) = postSolution
		{C45B7C80-3EFB-4F75-B73E-0D6BA31CE8ED}.Debug|Any CPU.ActiveCfg = Debug|Any CPU
		{C45B7C80-3EFB-4F75-B73E-0D6BA31CE8ED}.Debug|Any CPU.Build.0 = Debug|Any CPU
		{C45B7C80-3EFB-4F75-B73E-0D6BA31CE8ED}.Release|Any CPU.ActiveCfg = Release|Any CPU
		{C45B7C80-3EFB-4F75-B73E-0D6BA31CE8ED}.Release|Any CPU.Build.0 = Release|Any CPU
		{BBD0DCA8-7764-4CE2-B889-37B652D9CF1A}.Debug|Any CPU.ActiveCfg = Debug|Any CPU
		{BBD0DCA8-7764-4CE2-B889-37B652D9CF1A}.Debug|Any CPU.Build.0 = Debug|Any CPU
		{BBD0DCA8-7764-4CE2-B889-37B652D9CF1A}.Release|Any CPU.ActiveCfg = Release|Any CPU
		{BBD0DCA8-7764-4CE2-B889-37B652D9CF1A}.Release|Any CPU.Build.0 = Release|Any CPU
		{1FCA561A-ED6E-40A4-9B5B-EA6F467A4BAC}.Debug|Any CPU.ActiveCfg = Debug|Any CPU
		{1FCA561A-ED6E-40A4-9B5B-EA6F467A4BAC}.Debug|Any CPU.Build.0 = Debug|Any CPU
		{1FCA561A-ED6E-40A4-9B5B-EA6F467A4BAC}.Release|Any CPU.ActiveCfg = Release|Any CPU
		{1FCA561A-ED6E-40A4-9B5B-EA6F467A4BAC}.Release|Any CPU.Build.0 = Release|Any CPU
		{313F2095-33ED-4EC4-906B-550BF6D13DF4}.Debug|Any CPU.ActiveCfg = Debug|Any CPU
		{313F2095-33ED-4EC4-906B-550BF6D13DF4}.Debug|Any CPU.Build.0 = Debug|Any CPU
		{313F2095-33ED-4EC4-906B-550BF6D13DF4}.Release|Any CPU.ActiveCfg = Release|Any CPU
		{313F2095-33ED-4EC4-906B-550BF6D13DF4}.Release|Any CPU.Build.0 = Release|Any CPU
		{3D299CFC-A7B5-4F85-9202-AD7858C6A1D9}.Debug|Any CPU.ActiveCfg = Debug|Any CPU
		{3D299CFC-A7B5-4F85-9202-AD7858C6A1D9}.Debug|Any CPU.Build.0 = Debug|Any CPU
		{3D299CFC-A7B5-4F85-9202-AD7858C6A1D9}.Release|Any CPU.ActiveCfg = Release|Any CPU
		{3D299CFC-A7B5-4F85-9202-AD7858C6A1D9}.Release|Any CPU.Build.0 = Release|Any CPU
		{A592856E-9E7B-41F1-8676-ED21972FE9E9}.Debug|Any CPU.ActiveCfg = Debug|Any CPU
		{A592856E-9E7B-41F1-8676-ED21972FE9E9}.Debug|Any CPU.Build.0 = Debug|Any CPU
		{A592856E-9E7B-41F1-8676-ED21972FE9E9}.Release|Any CPU.ActiveCfg = Release|Any CPU
		{A592856E-9E7B-41F1-8676-ED21972FE9E9}.Release|Any CPU.Build.0 = Release|Any CPU
		{C1A0C152-F3F2-4E9C-92A2-490E743E6559}.Debug|Any CPU.ActiveCfg = Debug|Any CPU
		{C1A0C152-F3F2-4E9C-92A2-490E743E6559}.Debug|Any CPU.Build.0 = Debug|Any CPU
		{C1A0C152-F3F2-4E9C-92A2-490E743E6559}.Release|Any CPU.ActiveCfg = Release|Any CPU
		{C1A0C152-F3F2-4E9C-92A2-490E743E6559}.Release|Any CPU.Build.0 = Release|Any CPU
	EndGlobalSection
	GlobalSection(NestedProjects) = preSolution
		{C45B7C80-3EFB-4F75-B73E-0D6BA31CE8ED} = {D745B67F-C1C3-4F62-8003-76F62CE9ED0B}
		{BBD0DCA8-7764-4CE2-B889-37B652D9CF1A} = {D745B67F-C1C3-4F62-8003-76F62CE9ED0B}
		{1FCA561A-ED6E-40A4-9B5B-EA6F467A4BAC} = {D745B67F-C1C3-4F62-8003-76F62CE9ED0B}
		{313F2095-33ED-4EC4-906B-550BF6D13DF4} = {D745B67F-C1C3-4F62-8003-76F62CE9ED0B}
		{3D299CFC-A7B5-4F85-9202-AD7858C6A1D9} = {D745B67F-C1C3-4F62-8003-76F62CE9ED0B}
		{A592856E-9E7B-41F1-8676-ED21972FE9E9} = {ABB230E8-3E5E-49AC-81F4-2B7A60BCA6D4}
		{C1A0C152-F3F2-4E9C-92A2-490E743E6559} = {D745B67F-C1C3-4F62-8003-76F62CE9ED0B}
	EndGlobalSection
EndGlobal
